// !$*UTF8*$!
{
	archiveVersion = 1;
	classes = {
	};
	objectVersion = 46;
	objects = {

/* Begin PBXBuildFile section */
		5FBC13C41F16663E000485B0 /* AppDelegate.swift in Sources */ = {isa = PBXBuildFile; fileRef = 5FBC13C31F16663E000485B0 /* AppDelegate.swift */; };
		5FBC13C61F16663E000485B0 /* ViewController.swift in Sources */ = {isa = PBXBuildFile; fileRef = 5FBC13C51F16663E000485B0 /* ViewController.swift */; };
		5FBC13C91F16663E000485B0 /* Main.storyboard in Resources */ = {isa = PBXBuildFile; fileRef = 5FBC13C71F16663E000485B0 /* Main.storyboard */; };
		5FBC13CB1F16663E000485B0 /* Assets.xcassets in Resources */ = {isa = PBXBuildFile; fileRef = 5FBC13CA1F16663E000485B0 /* Assets.xcassets */; };
		5FBC13CE1F16663E000485B0 /* LaunchScreen.storyboard in Resources */ = {isa = PBXBuildFile; fileRef = 5FBC13CC1F16663E000485B0 /* LaunchScreen.storyboard */; };
		5FBC13D91F16663F000485B0 /* react_keybaord_nextTests.swift in Sources */ = {isa = PBXBuildFile; fileRef = 5FBC13D81F16663F000485B0 /* react_keybaord_nextTests.swift */; };
		5FBC13E41F16663F000485B0 /* react_keybaord_nextUITests.swift in Sources */ = {isa = PBXBuildFile; fileRef = 5FBC13E31F16663F000485B0 /* react_keybaord_nextUITests.swift */; };
		5FBC13F61F16B627000485B0 /* KeyboardUtilityBar.m in Sources */ = {isa = PBXBuildFile; fileRef = 5FBC13F51F16B627000485B0 /* KeyboardUtilityBar.m */; };
/* End PBXBuildFile section */

/* Begin PBXContainerItemProxy section */
		5FBC13D51F16663F000485B0 /* PBXContainerItemProxy */ = {
			isa = PBXContainerItemProxy;
			containerPortal = 5FBC13B81F16663E000485B0 /* Project object */;
			proxyType = 1;
			remoteGlobalIDString = 5FBC13BF1F16663E000485B0;
			remoteInfo = react_keybaord_next;
		};
		5FBC13E01F16663F000485B0 /* PBXContainerItemProxy */ = {
			isa = PBXContainerItemProxy;
			containerPortal = 5FBC13B81F16663E000485B0 /* Project object */;
			proxyType = 1;
			remoteGlobalIDString = 5FBC13BF1F16663E000485B0;
			remoteInfo = react_keybaord_next;
		};
/* End PBXContainerItemProxy section */

/* Begin PBXFileReference section */
		5FBC13C01F16663E000485B0 /* react_keybaord_next.app */ = {isa = PBXFileReference; explicitFileType = wrapper.application; includeInIndex = 0; path = react_keybaord_next.app; sourceTree = BUILT_PRODUCTS_DIR; };
		5FBC13C31F16663E000485B0 /* AppDelegate.swift */ = {isa = PBXFileReference; lastKnownFileType = sourcecode.swift; path = AppDelegate.swift; sourceTree = "<group>"; };
		5FBC13C51F16663E000485B0 /* ViewController.swift */ = {isa = PBXFileReference; lastKnownFileType = sourcecode.swift; path = ViewController.swift; sourceTree = "<group>"; };
		5FBC13C81F16663E000485B0 /* Base */ = {isa = PBXFileReference; lastKnownFileType = file.storyboard; name = Base; path = Base.lproj/Main.storyboard; sourceTree = "<group>"; };
		5FBC13CA1F16663E000485B0 /* Assets.xcassets */ = {isa = PBXFileReference; lastKnownFileType = folder.assetcatalog; path = Assets.xcassets; sourceTree = "<group>"; };
		5FBC13CD1F16663E000485B0 /* Base */ = {isa = PBXFileReference; lastKnownFileType = file.storyboard; name = Base; path = Base.lproj/LaunchScreen.storyboard; sourceTree = "<group>"; };
		5FBC13CF1F16663E000485B0 /* Info.plist */ = {isa = PBXFileReference; lastKnownFileType = text.plist.xml; path = Info.plist; sourceTree = "<group>"; };
		5FBC13D41F16663F000485B0 /* react_keybaord_nextTests.xctest */ = {isa = PBXFileReference; explicitFileType = wrapper.cfbundle; includeInIndex = 0; path = react_keybaord_nextTests.xctest; sourceTree = BUILT_PRODUCTS_DIR; };
		5FBC13D81F16663F000485B0 /* react_keybaord_nextTests.swift */ = {isa = PBXFileReference; lastKnownFileType = sourcecode.swift; path = react_keybaord_nextTests.swift; sourceTree = "<group>"; };
		5FBC13DA1F16663F000485B0 /* Info.plist */ = {isa = PBXFileReference; lastKnownFileType = text.plist.xml; path = Info.plist; sourceTree = "<group>"; };
		5FBC13DF1F16663F000485B0 /* react_keybaord_nextUITests.xctest */ = {isa = PBXFileReference; explicitFileType = wrapper.cfbundle; includeInIndex = 0; path = react_keybaord_nextUITests.xctest; sourceTree = BUILT_PRODUCTS_DIR; };
		5FBC13E31F16663F000485B0 /* react_keybaord_nextUITests.swift */ = {isa = PBXFileReference; lastKnownFileType = sourcecode.swift; path = react_keybaord_nextUITests.swift; sourceTree = "<group>"; };
		5FBC13E51F16663F000485B0 /* Info.plist */ = {isa = PBXFileReference; lastKnownFileType = text.plist.xml; path = Info.plist; sourceTree = "<group>"; };
		5FBC13F31F16B626000485B0 /* react_keybaord_next-Bridging-Header.h */ = {isa = PBXFileReference; lastKnownFileType = sourcecode.c.h; path = "react_keybaord_next-Bridging-Header.h"; sourceTree = "<group>"; };
		5FBC13F41F16B627000485B0 /* KeyboardUtilityBar.h */ = {isa = PBXFileReference; fileEncoding = 4; lastKnownFileType = sourcecode.c.h; path = KeyboardUtilityBar.h; sourceTree = "<group>"; };
		5FBC13F51F16B627000485B0 /* KeyboardUtilityBar.m */ = {isa = PBXFileReference; fileEncoding = 4; lastKnownFileType = sourcecode.c.objc; path = KeyboardUtilityBar.m; sourceTree = "<group>"; };
/* End PBXFileReference section */

/* Begin PBXFrameworksBuildPhase section */
		5FBC13BD1F16663E000485B0 /* Frameworks */ = {
			isa = PBXFrameworksBuildPhase;
			buildActionMask = 2147483647;
			files = (
			);
			runOnlyForDeploymentPostprocessing = 0;
		};
		5FBC13D11F16663F000485B0 /* Frameworks */ = {
			isa = PBXFrameworksBuildPhase;
			buildActionMask = 2147483647;
			files = (
			);
			runOnlyForDeploymentPostprocessing = 0;
		};
		5FBC13DC1F16663F000485B0 /* Frameworks */ = {
			isa = PBXFrameworksBuildPhase;
			buildActionMask = 2147483647;
			files = (
			);
			runOnlyForDeploymentPostprocessing = 0;
		};
/* End PBXFrameworksBuildPhase section */

/* Begin PBXGroup section */
		5FBC13B71F16663E000485B0 = {
			isa = PBXGroup;
			children = (
				5FBC13C21F16663E000485B0 /* react_keybaord_next */,
				5FBC13D71F16663F000485B0 /* react_keybaord_nextTests */,
				5FBC13E21F16663F000485B0 /* react_keybaord_nextUITests */,
				5FBC13C11F16663E000485B0 /* Products */,
			);
			sourceTree = "<group>";
		};
		5FBC13C11F16663E000485B0 /* Products */ = {
			isa = PBXGroup;
			children = (
				5FBC13C01F16663E000485B0 /* react_keybaord_next.app */,
				5FBC13D41F16663F000485B0 /* react_keybaord_nextTests.xctest */,
				5FBC13DF1F16663F000485B0 /* react_keybaord_nextUITests.xctest */,
			);
			name = Products;
			sourceTree = "<group>";
		};
		5FBC13C21F16663E000485B0 /* react_keybaord_next */ = {
			isa = PBXGroup;
			children = (
				5FBC13C31F16663E000485B0 /* AppDelegate.swift */,
				5FBC13C51F16663E000485B0 /* ViewController.swift */,
				5FBC13F41F16B627000485B0 /* KeyboardUtilityBar.h */,
				5FBC13F51F16B627000485B0 /* KeyboardUtilityBar.m */,
				5FBC13C71F16663E000485B0 /* Main.storyboard */,
				5FBC13CA1F16663E000485B0 /* Assets.xcassets */,
				5FBC13CC1F16663E000485B0 /* LaunchScreen.storyboard */,
				5FBC13CF1F16663E000485B0 /* Info.plist */,
				5FBC13F31F16B626000485B0 /* react_keybaord_next-Bridging-Header.h */,
			);
			path = react_keybaord_next;
			sourceTree = "<group>";
		};
		5FBC13D71F16663F000485B0 /* react_keybaord_nextTests */ = {
			isa = PBXGroup;
			children = (
				5FBC13D81F16663F000485B0 /* react_keybaord_nextTests.swift */,
				5FBC13DA1F16663F000485B0 /* Info.plist */,
			);
			path = react_keybaord_nextTests;
			sourceTree = "<group>";
		};
		5FBC13E21F16663F000485B0 /* react_keybaord_nextUITests */ = {
			isa = PBXGroup;
			children = (
				5FBC13E31F16663F000485B0 /* react_keybaord_nextUITests.swift */,
				5FBC13E51F16663F000485B0 /* Info.plist */,
			);
			path = react_keybaord_nextUITests;
			sourceTree = "<group>";
		};
/* End PBXGroup section */

/* Begin PBXNativeTarget section */
		5FBC13BF1F16663E000485B0 /* react_keybaord_next */ = {
			isa = PBXNativeTarget;
			buildConfigurationList = 5FBC13E81F16663F000485B0 /* Build configuration list for PBXNativeTarget "react_keybaord_next" */;
			buildPhases = (
				5FBC13BC1F16663E000485B0 /* Sources */,
				5FBC13BD1F16663E000485B0 /* Frameworks */,
				5FBC13BE1F16663E000485B0 /* Resources */,
			);
			buildRules = (
			);
			dependencies = (
			);
			name = react_keybaord_next;
			productName = react_keybaord_next;
			productReference = 5FBC13C01F16663E000485B0 /* react_keybaord_next.app */;
			productType = "com.apple.product-type.application";
		};
		5FBC13D31F16663F000485B0 /* react_keybaord_nextTests */ = {
			isa = PBXNativeTarget;
			buildConfigurationList = 5FBC13EB1F16663F000485B0 /* Build configuration list for PBXNativeTarget "react_keybaord_nextTests" */;
			buildPhases = (
				5FBC13D01F16663F000485B0 /* Sources */,
				5FBC13D11F16663F000485B0 /* Frameworks */,
				5FBC13D21F16663F000485B0 /* Resources */,
			);
			buildRules = (
			);
			dependencies = (
				5FBC13D61F16663F000485B0 /* PBXTargetDependency */,
			);
			name = react_keybaord_nextTests;
			productName = react_keybaord_nextTests;
			productReference = 5FBC13D41F16663F000485B0 /* react_keybaord_nextTests.xctest */;
			productType = "com.apple.product-type.bundle.unit-test";
		};
		5FBC13DE1F16663F000485B0 /* react_keybaord_nextUITests */ = {
			isa = PBXNativeTarget;
			buildConfigurationList = 5FBC13EE1F16663F000485B0 /* Build configuration list for PBXNativeTarget "react_keybaord_nextUITests" */;
			buildPhases = (
				5FBC13DB1F16663F000485B0 /* Sources */,
				5FBC13DC1F16663F000485B0 /* Frameworks */,
				5FBC13DD1F16663F000485B0 /* Resources */,
			);
			buildRules = (
			);
			dependencies = (
				5FBC13E11F16663F000485B0 /* PBXTargetDependency */,
			);
			name = react_keybaord_nextUITests;
			productName = react_keybaord_nextUITests;
			productReference = 5FBC13DF1F16663F000485B0 /* react_keybaord_nextUITests.xctest */;
			productType = "com.apple.product-type.bundle.ui-testing";
		};
/* End PBXNativeTarget section */

/* Begin PBXProject section */
		5FBC13B81F16663E000485B0 /* Project object */ = {
			isa = PBXProject;
			attributes = {
				LastSwiftUpdateCheck = 0830;
				LastUpgradeCheck = 0830;
				ORGANIZATIONNAME = "Mohannad A. Hassan";
				TargetAttributes = {
					5FBC13BF1F16663E000485B0 = {
						CreatedOnToolsVersion = 8.3.3;
						LastSwiftMigration = 0830;
						ProvisioningStyle = Automatic;
					};
					5FBC13D31F16663F000485B0 = {
						CreatedOnToolsVersion = 8.3.3;
						ProvisioningStyle = Automatic;
						TestTargetID = 5FBC13BF1F16663E000485B0;
					};
					5FBC13DE1F16663F000485B0 = {
						CreatedOnToolsVersion = 8.3.3;
						ProvisioningStyle = Automatic;
						TestTargetID = 5FBC13BF1F16663E000485B0;
					};
				};
			};
			buildConfigurationList = 5FBC13BB1F16663E000485B0 /* Build configuration list for PBXProject "react_keybaord_next" */;
			compatibilityVersion = "Xcode 3.2";
			developmentRegion = English;
			hasScannedForEncodings = 0;
			knownRegions = (
				en,
				Base,
			);
			mainGroup = 5FBC13B71F16663E000485B0;
			productRefGroup = 5FBC13C11F16663E000485B0 /* Products */;
			projectDirPath = "";
			projectRoot = "";
			targets = (
				5FBC13BF1F16663E000485B0 /* react_keybaord_next */,
				5FBC13D31F16663F000485B0 /* react_keybaord_nextTests */,
				5FBC13DE1F16663F000485B0 /* react_keybaord_nextUITests */,
			);
		};
/* End PBXProject section */

/* Begin PBXResourcesBuildPhase section */
		5FBC13BE1F16663E000485B0 /* Resources */ = {
			isa = PBXResourcesBuildPhase;
			buildActionMask = 2147483647;
			files = (
				5FBC13CE1F16663E000485B0 /* LaunchScreen.storyboard in Resources */,
				5FBC13CB1F16663E000485B0 /* Assets.xcassets in Resources */,
				5FBC13C91F16663E000485B0 /* Main.storyboard in Resources */,
			);
			runOnlyForDeploymentPostprocessing = 0;
		};
		5FBC13D21F16663F000485B0 /* Resources */ = {
			isa = PBXResourcesBuildPhase;
			buildActionMask = 2147483647;
			files = (
			);
			runOnlyForDeploymentPostprocessing = 0;
		};
		5FBC13DD1F16663F000485B0 /* Resources */ = {
			isa = PBXResourcesBuildPhase;
			buildActionMask = 2147483647;
			files = (
			);
			runOnlyForDeploymentPostprocessing = 0;
		};
/* End PBXResourcesBuildPhase section */

/* Begin PBXSourcesBuildPhase section */
		5FBC13BC1F16663E000485B0 /* Sources */ = {
			isa = PBXSourcesBuildPhase;
			buildActionMask = 2147483647;
			files = (
				5FBC13C61F16663E000485B0 /* ViewController.swift in Sources */,
				5FBC13F61F16B627000485B0 /* KeyboardUtilityBar.m in Sources */,
				5FBC13C41F16663E000485B0 /* AppDelegate.swift in Sources */,
			);
			runOnlyForDeploymentPostprocessing = 0;
		};
		5FBC13D01F16663F000485B0 /* Sources */ = {
			isa = PBXSourcesBuildPhase;
			buildActionMask = 2147483647;
			files = (
				5FBC13D91F16663F000485B0 /* react_keybaord_nextTests.swift in Sources */,
			);
			runOnlyForDeploymentPostprocessing = 0;
		};
		5FBC13DB1F16663F000485B0 /* Sources */ = {
			isa = PBXSourcesBuildPhase;
			buildActionMask = 2147483647;
			files = (
				5FBC13E41F16663F000485B0 /* react_keybaord_nextUITests.swift in Sources */,
			);
			runOnlyForDeploymentPostprocessing = 0;
		};
/* End PBXSourcesBuildPhase section */

/* Begin PBXTargetDependency section */
		5FBC13D61F16663F000485B0 /* PBXTargetDependency */ = {
			isa = PBXTargetDependency;
			target = 5FBC13BF1F16663E000485B0 /* react_keybaord_next */;
			targetProxy = 5FBC13D51F16663F000485B0 /* PBXContainerItemProxy */;
		};
		5FBC13E11F16663F000485B0 /* PBXTargetDependency */ = {
			isa = PBXTargetDependency;
			target = 5FBC13BF1F16663E000485B0 /* react_keybaord_next */;
			targetProxy = 5FBC13E01F16663F000485B0 /* PBXContainerItemProxy */;
		};
/* End PBXTargetDependency section */

/* Begin PBXVariantGroup section */
		5FBC13C71F16663E000485B0 /* Main.storyboard */ = {
			isa = PBXVariantGroup;
			children = (
				5FBC13C81F16663E000485B0 /* Base */,
			);
			name = Main.storyboard;
			sourceTree = "<group>";
		};
		5FBC13CC1F16663E000485B0 /* LaunchScreen.storyboard */ = {
			isa = PBXVariantGroup;
			children = (
				5FBC13CD1F16663E000485B0 /* Base */,
			);
			name = LaunchScreen.storyboard;
			sourceTree = "<group>";
		};
/* End PBXVariantGroup section */

/* Begin XCBuildConfiguration section */
		5FBC13E61F16663F000485B0 /* Debug */ = {
			isa = XCBuildConfiguration;
			buildSettings = {
				ALWAYS_SEARCH_USER_PATHS = NO;
				CLANG_ANALYZER_NONNULL = YES;
				CLANG_ANALYZER_NUMBER_OBJECT_CONVERSION = YES_AGGRESSIVE;
				CLANG_CXX_LANGUAGE_STANDARD = "gnu++0x";
				CLANG_CXX_LIBRARY = "libc++";
				CLANG_ENABLE_MODULES = YES;
				CLANG_ENABLE_OBJC_ARC = YES;
				CLANG_WARN_BOOL_CONVERSION = YES;
				CLANG_WARN_CONSTANT_CONVERSION = YES;
				CLANG_WARN_DIRECT_OBJC_ISA_USAGE = YES_ERROR;
				CLANG_WARN_DOCUMENTATION_COMMENTS = YES;
				CLANG_WARN_EMPTY_BODY = YES;
				CLANG_WARN_ENUM_CONVERSION = YES;
				CLANG_WARN_INFINITE_RECURSION = YES;
				CLANG_WARN_INT_CONVERSION = YES;
				CLANG_WARN_OBJC_ROOT_CLASS = YES_ERROR;
				CLANG_WARN_SUSPICIOUS_MOVE = YES;
				CLANG_WARN_UNREACHABLE_CODE = YES;
				CLANG_WARN__DUPLICATE_METHOD_MATCH = YES;
				"CODE_SIGN_IDENTITY[sdk=iphoneos*]" = "iPhone Developer";
				COPY_PHASE_STRIP = NO;
				DEBUG_INFORMATION_FORMAT = dwarf;
				ENABLE_STRICT_OBJC_MSGSEND = YES;
				ENABLE_TESTABILITY = YES;
				GCC_C_LANGUAGE_STANDARD = gnu99;
				GCC_DYNAMIC_NO_PIC = NO;
				GCC_NO_COMMON_BLOCKS = YES;
				GCC_OPTIMIZATION_LEVEL = 0;
				GCC_PREPROCESSOR_DEFINITIONS = (
					"DEBUG=1",
					"$(inherited)",
				);
				GCC_WARN_64_TO_32_BIT_CONVERSION = YES;
				GCC_WARN_ABOUT_RETURN_TYPE = YES_ERROR;
				GCC_WARN_UNDECLARED_SELECTOR = YES;
				GCC_WARN_UNINITIALIZED_AUTOS = YES_AGGRESSIVE;
				GCC_WARN_UNUSED_FUNCTION = YES;
				GCC_WARN_UNUSED_VARIABLE = YES;
				IPHONEOS_DEPLOYMENT_TARGET = 10.3;
				MTL_ENABLE_DEBUG_INFO = YES;
				ONLY_ACTIVE_ARCH = YES;
				SDKROOT = iphoneos;
				SWIFT_ACTIVE_COMPILATION_CONDITIONS = DEBUG;
				SWIFT_OPTIMIZATION_LEVEL = "-Onone";
				TARGETED_DEVICE_FAMILY = "1,2";
			};
			name = Debug;
		};
		5FBC13E71F16663F000485B0 /* Release */ = {
			isa = XCBuildConfiguration;
			buildSettings = {
				ALWAYS_SEARCH_USER_PATHS = NO;
				CLANG_ANALYZER_NONNULL = YES;
				CLANG_ANALYZER_NUMBER_OBJECT_CONVERSION = YES_AGGRESSIVE;
				CLANG_CXX_LANGUAGE_STANDARD = "gnu++0x";
				CLANG_CXX_LIBRARY = "libc++";
				CLANG_ENABLE_MODULES = YES;
				CLANG_ENABLE_OBJC_ARC = YES;
				CLANG_WARN_BOOL_CONVERSION = YES;
				CLANG_WARN_CONSTANT_CONVERSION = YES;
				CLANG_WARN_DIRECT_OBJC_ISA_USAGE = YES_ERROR;
				CLANG_WARN_DOCUMENTATION_COMMENTS = YES;
				CLANG_WARN_EMPTY_BODY = YES;
				CLANG_WARN_ENUM_CONVERSION = YES;
				CLANG_WARN_INFINITE_RECURSION = YES;
				CLANG_WARN_INT_CONVERSION = YES;
				CLANG_WARN_OBJC_ROOT_CLASS = YES_ERROR;
				CLANG_WARN_SUSPICIOUS_MOVE = YES;
				CLANG_WARN_UNREACHABLE_CODE = YES;
				CLANG_WARN__DUPLICATE_METHOD_MATCH = YES;
				"CODE_SIGN_IDENTITY[sdk=iphoneos*]" = "iPhone Developer";
				COPY_PHASE_STRIP = NO;
				DEBUG_INFORMATION_FORMAT = "dwarf-with-dsym";
				ENABLE_NS_ASSERTIONS = NO;
				ENABLE_STRICT_OBJC_MSGSEND = YES;
				GCC_C_LANGUAGE_STANDARD = gnu99;
				GCC_NO_COMMON_BLOCKS = YES;
				GCC_WARN_64_TO_32_BIT_CONVERSION = YES;
				GCC_WARN_ABOUT_RETURN_TYPE = YES_ERROR;
				GCC_WARN_UNDECLARED_SELECTOR = YES;
				GCC_WARN_UNINITIALIZED_AUTOS = YES_AGGRESSIVE;
				GCC_WARN_UNUSED_FUNCTION = YES;
				GCC_WARN_UNUSED_VARIABLE = YES;
				IPHONEOS_DEPLOYMENT_TARGET = 10.3;
				MTL_ENABLE_DEBUG_INFO = NO;
				SDKROOT = iphoneos;
				SWIFT_OPTIMIZATION_LEVEL = "-Owholemodule";
				TARGETED_DEVICE_FAMILY = "1,2";
				VALIDATE_PRODUCT = YES;
			};
			name = Release;
		};
		5FBC13E91F16663F000485B0 /* Debug */ = {
			isa = XCBuildConfiguration;
			buildSettings = {
				ASSETCATALOG_COMPILER_APPICON_NAME = AppIcon;
				CLANG_ENABLE_MODULES = YES;
				DEVELOPMENT_TEAM = "";
				INFOPLIST_FILE = react_keybaord_next/Info.plist;
				LD_RUNPATH_SEARCH_PATHS = "$(inherited) @executable_path/Frameworks";
				PRODUCT_BUNDLE_IDENTIFIER = "com.badr.react-keybaord-next";
				PRODUCT_NAME = "$(TARGET_NAME)";
				SWIFT_OBJC_BRIDGING_HEADER = "react_keybaord_next/react_keybaord_next-Bridging-Header.h";
				SWIFT_OPTIMIZATION_LEVEL = "-Onone";
				SWIFT_VERSION = 3.0;
			};
			name = Debug;
		};
		5FBC13EA1F16663F000485B0 /* Release */ = {
			isa = XCBuildConfiguration;
			buildSettings = {
				ASSETCATALOG_COMPILER_APPICON_NAME = AppIcon;
				CLANG_ENABLE_MODULES = YES;
				DEVELOPMENT_TEAM = "";
				INFOPLIST_FILE = react_keybaord_next/Info.plist;
				LD_RUNPATH_SEARCH_PATHS = "$(inherited) @executable_path/Frameworks";
				PRODUCT_BUNDLE_IDENTIFIER = "com.badr.react-keybaord-next";
				PRODUCT_NAME = "$(TARGET_NAME)";
				SWIFT_OBJC_BRIDGING_HEADER = "react_keybaord_next/react_keybaord_next-Bridging-Header.h";
				SWIFT_VERSION = 3.0;
			};
			name = Release;
		};
		5FBC13EC1F16663F000485B0 /* Debug */ = {
			isa = XCBuildConfiguration;
			buildSettings = {
				ALWAYS_EMBED_SWIFT_STANDARD_LIBRARIES = YES;
				BUNDLE_LOADER = "$(TEST_HOST)";
				INFOPLIST_FILE = react_keybaord_nextTests/Info.plist;
				LD_RUNPATH_SEARCH_PATHS = "$(inherited) @executable_path/Frameworks @loader_path/Frameworks";
				PRODUCT_BUNDLE_IDENTIFIER = "com.badr.react-keybaord-nextTests";
				PRODUCT_NAME = "$(TARGET_NAME)";
				SWIFT_VERSION = 3.0;
				TEST_HOST = "$(BUILT_PRODUCTS_DIR)/react_keybaord_next.app/react_keybaord_next";
			};
			name = Debug;
		};
		5FBC13ED1F16663F000485B0 /* Release */ = {
			isa = XCBuildConfiguration;
			buildSettings = {
				ALWAYS_EMBED_SWIFT_STANDARD_LIBRARIES = YES;
				BUNDLE_LOADER = "$(TEST_HOST)";
				INFOPLIST_FILE = react_keybaord_nextTests/Info.plist;
				LD_RUNPATH_SEARCH_PATHS = "$(inherited) @executable_path/Frameworks @loader_path/Frameworks";
				PRODUCT_BUNDLE_IDENTIFIER = "com.badr.react-keybaord-nextTests";
				PRODUCT_NAME = "$(TARGET_NAME)";
				SWIFT_VERSION = 3.0;
				TEST_HOST = "$(BUILT_PRODUCTS_DIR)/react_keybaord_next.app/react_keybaord_next";
			};
			name = Release;
		};
		5FBC13EF1F16663F000485B0 /* Debug */ = {
			isa = XCBuildConfiguration;
			buildSettings = {
				ALWAYS_EMBED_SWIFT_STANDARD_LIBRARIES = YES;
				INFOPLIST_FILE = react_keybaord_nextUITests/Info.plist;
				LD_RUNPATH_SEARCH_PATHS = "$(inherited) @executable_path/Frameworks @loader_path/Frameworks";
				PRODUCT_BUNDLE_IDENTIFIER = "com.badr.react-keybaord-nextUITests";
				PRODUCT_NAME = "$(TARGET_NAME)";
				SWIFT_VERSION = 3.0;
				TEST_TARGET_NAME = react_keybaord_next;
			};
			name = Debug;
		};
		5FBC13F01F16663F000485B0 /* Release */ = {
			isa = XCBuildConfiguration;
			buildSettings = {
				ALWAYS_EMBED_SWIFT_STANDARD_LIBRARIES = YES;
				INFOPLIST_FILE = react_keybaord_nextUITests/Info.plist;
				LD_RUNPATH_SEARCH_PATHS = "$(inherited) @executable_path/Frameworks @loader_path/Frameworks";
				PRODUCT_BUNDLE_IDENTIFIER = "com.badr.react-keybaord-nextUITests";
				PRODUCT_NAME = "$(TARGET_NAME)";
				SWIFT_VERSION = 3.0;
				TEST_TARGET_NAME = react_keybaord_next;
			};
			name = Release;
		};
/* End XCBuildConfiguration section */

/* Begin XCConfigurationList section */
		5FBC13BB1F16663E000485B0 /* Build configuration list for PBXProject "react_keybaord_next" */ = {
			isa = XCConfigurationList;
			buildConfigurations = (
				5FBC13E61F16663F000485B0 /* Debug */,
				5FBC13E71F16663F000485B0 /* Release */,
			);
			defaultConfigurationIsVisible = 0;
			defaultConfigurationName = Release;
		};
		5FBC13E81F16663F000485B0 /* Build configuration list for PBXNativeTarget "react_keybaord_next" */ = {
			isa = XCConfigurationList;
			buildConfigurations = (
				5FBC13E91F16663F000485B0 /* Debug */,
				5FBC13EA1F16663F000485B0 /* Release */,
			);
			defaultConfigurationIsVisible = 0;
			defaultConfigurationName = Release;
		};
		5FBC13EB1F16663F000485B0 /* Build configuration list for PBXNativeTarget "react_keybaord_nextTests" */ = {
			isa = XCConfigurationList;
			buildConfigurations = (
				5FBC13EC1F16663F000485B0 /* Debug */,
				5FBC13ED1F16663F000485B0 /* Release */,
			);
			defaultConfigurationIsVisible = 0;
			defaultConfigurationName = Release;
		};
		5FBC13EE1F16663F000485B0 /* Build configuration list for PBXNativeTarget "react_keybaord_nextUITests" */ = {
			isa = XCConfigurationList;
			buildConfigurations = (
				5FBC13EF1F16663F000485B0 /* Debug */,
				5FBC13F01F16663F000485B0 /* Release */,
			);
			defaultConfigurationIsVisible = 0;
			defaultConfigurationName = Release;
		};
/* End XCConfigurationList section */
	};
	rootObject = 5FBC13B81F16663E000485B0 /* Project object */;
}
